<?xml version="1.0" encoding="utf-8"?>
<Project ToolsVersion="4.0" xmlns="http://schemas.microsoft.com/developer/msbuild/2003">
  <ItemGroup>
    <Filter Include="Source Files">
      <UniqueIdentifier>{4FC737F1-C7A5-4376-A066-2A32D752A2FF}</UniqueIdentifier>
      <Extensions>cpp;c;cc;cxx;def;odl;idl;hpj;bat;asm;asmx</Extensions>
    </Filter>
    <Filter Include="Header Files">
      <UniqueIdentifier>{93995380-89BD-4b04-88EB-625FBE52EBFB}</UniqueIdentifier>
      <Extensions>h;hh;hpp;hxx;hm;inl;inc;ipp;xsd</Extensions>
    </Filter>
    <Filter Include="Resource Files">
      <UniqueIdentifier>{67DA6AB6-F800-4c08-8B7A-83BB121AAD01}</UniqueIdentifier>
      <Extensions>rc;ico;cur;bmp;dlg;rc2;rct;bin;rgs;gif;jpg;jpeg;jpe;resx;tiff;tif;png;wav;mfcribbon-ms</Extensions>
    </Filter>
    <Filter Include="Header Files\Player">
      <UniqueIdentifier>{73eea6a7-328e-40f3-b10a-b640d8a2ab8c}</UniqueIdentifier>
    </Filter>
    <Filter Include="Source Files\Player">
      <UniqueIdentifier>{41006b67-a891-4163-8d68-f3db5ea481c2}</UniqueIdentifier>
    </Filter>
    <Filter Include="Source Files\Engine">
      <UniqueIdentifier>{891d05f0-b849-4d10-b431-45024131047b}</UniqueIdentifier>
    </Filter>
    <Filter Include="Header Files\Engine">
      <UniqueIdentifier>{793897e9-7990-42a8-89a8-49aab927cce7}</UniqueIdentifier>
    </Filter>
    <Filter Include="Source Files\Engine\Core">
      <UniqueIdentifier>{1015152d-6ebb-489d-9e14-c0b0f827eee4}</UniqueIdentifier>
    </Filter>
    <Filter Include="Source Files\Engine\Level">
      <UniqueIdentifier>{e2cec467-474a-4809-911d-746f679a2e13}</UniqueIdentifier>
    </Filter>
    <Filter Include="Source Files\Engine\Particle">
      <UniqueIdentifier>{2321307a-f63d-4380-ab98-6eeb233b9f38}</UniqueIdentifier>
    </Filter>
    <Filter Include="Header Files\Engine\Particle">
      <UniqueIdentifier>{8f5aff89-5fdf-4521-9a2c-1db9ccdae101}</UniqueIdentifier>
    </Filter>
    <Filter Include="Resource Files\graphics">
      <UniqueIdentifier>{b2635b32-2c0d-4f02-b913-6e3cdc4c647d}</UniqueIdentifier>
    </Filter>
    <Filter Include="Resource Files\shaders">
      <UniqueIdentifier>{591108e7-edcd-446c-9835-a5532c95c4ec}</UniqueIdentifier>
    </Filter>
    <Filter Include="Resource Files\fonts">
      <UniqueIdentifier>{e4ab4526-b82f-4f60-9018-4e9caa969a42}</UniqueIdentifier>
    </Filter>
    <Filter Include="Resource Files\levels">
      <UniqueIdentifier>{7b49bb7d-d2be-41f6-b14e-6e8ae5c5b972}</UniqueIdentifier>
    </Filter>
    <Filter Include="Resource Files\sounds">
      <UniqueIdentifier>{942ca17c-cfb8-4598-8ca4-a23394db9a15}</UniqueIdentifier>
    </Filter>
    <Filter Include="Source Files\Engine\Informations">
      <UniqueIdentifier>{d54bca4e-3353-4291-b80e-b5a5c6af1b71}</UniqueIdentifier>
    </Filter>
  </ItemGroup>
  <ItemGroup>
    <ClInclude Include="pch.h">
      <Filter>Header Files</Filter>
    </ClInclude>
    <ClInclude Include="PlayableCharacter.h">
      <Filter>Header Files\Player</Filter>
    </ClInclude>
    <ClInclude Include="Engine.h">
      <Filter>Header Files\Engine</Filter>
    </ClInclude>
    <ClInclude Include="TextureHolder.h">
      <Filter>Header Files\Engine</Filter>
    </ClInclude>
    <ClInclude Include="LevelManager.h">
      <Filter>Header Files\Engine</Filter>
    </ClInclude>
    <ClInclude Include="SoundManager.h">
      <Filter>Header Files\Engine</Filter>
    </ClInclude>
    <ClInclude Include="Hud.h">
      <Filter>Header Files\Engine</Filter>
    </ClInclude>
    <ClInclude Include="Particle.h">
      <Filter>Header Files\Engine\Particle</Filter>
    </ClInclude>
    <ClInclude Include="ParticleSystem.h">
      <Filter>Header Files\Engine\Particle</Filter>
    </ClInclude>
    <ClInclude Include="Single.h">
      <Filter>Header Files\Player</Filter>
    </ClInclude>
    <ClInclude Include="Multi.h">
      <Filter>Header Files\Player</Filter>
    </ClInclude>
    <ClInclude Include="Menu.h">
      <Filter>Header Files\Engine</Filter>
    </ClInclude>
    <ClInclude Include="resource.h">
      <Filter>Header Files</Filter>
    </ClInclude>
    <ClInclude Include="End.h">
      <Filter>Header Files\Engine</Filter>
    </ClInclude>
  </ItemGroup>
  <ItemGroup>
    <ClCompile Include="pch.cpp">
      <Filter>Source Files</Filter>
    </ClCompile>
    <ClCompile Include="main.cpp">
      <Filter>Source Files</Filter>
    </ClCompile>
    <ClCompile Include="PlayableCharacter.cpp">
      <Filter>Source Files\Player</Filter>
    </ClCompile>
    <ClCompile Include="Draw.cpp">
      <Filter>Source Files\Engine\Core</Filter>
    </ClCompile>
    <ClCompile Include="Engine.cpp">
      <Filter>Source Files\Engine\Core</Filter>
    </ClCompile>
    <ClCompile Include="Input.cpp">
      <Filter>Source Files\Engine\Core</Filter>
    </ClCompile>
    <ClCompile Include="Update.cpp">
      <Filter>Source Files\Engine\Core</Filter>
    </ClCompile>
    <ClCompile Include="TextureHolder.cpp">
      <Filter>Source Files\Engine\Core</Filter>
    </ClCompile>
    <ClCompile Include="DetectCollisions.cpp">
      <Filter>Source Files\Engine\Level</Filter>
    </ClCompile>
    <ClCompile Include="LevelManager.cpp">
      <Filter>Source Files\Engine\Level</Filter>
    </ClCompile>
    <ClCompile Include="LoadLevel.cpp">
      <Filter>Source Files\Engine\Level</Filter>
    </ClCompile>
    <ClCompile Include="Particle.cpp">
      <Filter>Source Files\Engine\Particle</Filter>
    </ClCompile>
    <ClCompile Include="ParticleSystem.cpp">
      <Filter>Source Files\Engine\Particle</Filter>
    </ClCompile>
    <ClCompile Include="Single.cpp">
      <Filter>Source Files\Player</Filter>
    </ClCompile>
    <ClCompile Include="Multi.cpp">
      <Filter>Source Files\Player</Filter>
    </ClCompile>
    <ClCompile Include="Animation.cpp">
      <Filter>Source Files\Player</Filter>
    </ClCompile>
    <ClCompile Include="End.cpp">
      <Filter>Source Files\Engine\Informations</Filter>
    </ClCompile>
    <ClCompile Include="Hud.cpp">
      <Filter>Source Files\Engine\Informations</Filter>
    </ClCompile>
    <ClCompile Include="Menu.cpp">
      <Filter>Source Files\Engine\Informations</Filter>
    </ClCompile>
    <ClCompile Include="SoundManager.cpp">
      <Filter>Source Files\Engine\Core</Filter>
    </ClCompile>
  </ItemGroup>
  <ItemGroup>
    <Image Include="graphics\background.png">
      <Filter>Resource Files\graphics</Filter>
    </Image>
    <Image Include="graphics\char2.png">
      <Filter>Resource Files\graphics</Filter>
    </Image>
    <Image Include="graphics\char12.png">
      <Filter>Resource Files\graphics</Filter>
    </Image>
    <Image Include="graphics\icon.ico">
      <Filter>Resource Files\graphics</Filter>
    </Image>
    <Image Include="graphics\icon.png">
      <Filter>Resource Files\graphics</Filter>
    </Image>
    <Image Include="graphics\multi.png">
      <Filter>Resource Files\graphics</Filter>
    </Image>
    <Image Include="graphics\single.png">
      <Filter>Resource Files\graphics</Filter>
    </Image>
    <Image Include="graphics\tiles_sheet.png">
      <Filter>Resource Files\graphics</Filter>
    </Image>
  </ItemGroup>
  <ItemGroup>
    <None Include="shaders\rippleShader.frag">
      <Filter>Resource Files\shaders</Filter>
    </None>
    <None Include="shaders\vertShader.vert">
      <Filter>Resource Files\shaders</Filter>
    </None>
    <None Include="fonts\Roboto_Specimen_Book.pdf">
      <Filter>Resource Files\fonts</Filter>
    </None>
    <None Include="..\README.md">
      <Filter>Resource Files</Filter>
    </None>
  </ItemGroup>
  <ItemGroup>
    <Text Include="fonts\NOTICE.txt">
      <Filter>Resource Files\fonts</Filter>
    </Text>
    <Text Include="fonts\README.txt">
      <Filter>Resource Files\fonts</Filter>
    </Text>
    <Text Include="levels\level1.txt">
      <Filter>Resource Files\levels</Filter>
    </Text>
    <Text Include="levels\level2.txt">
      <Filter>Resource Files\levels</Filter>
    </Text>
    <Text Include="levels\level3.txt">
      <Filter>Resource Files\levels</Filter>
    </Text>
    <Text Include="levels\level4.txt">
      <Filter>Resource Files\levels</Filter>
    </Text>
  </ItemGroup>
  <ItemGroup>
    <Font Include="fonts\Roboto-Black.ttf">
      <Filter>Resource Files\fonts</Filter>
    </Font>
    <Font Include="fonts\Roboto-BlackItalic.ttf">
      <Filter>Resource Files\fonts</Filter>
    </Font>
    <Font Include="fonts\Roboto-BoldCondensed.ttf">
      <Filter>Resource Files\fonts</Filter>
    </Font>
    <Font Include="fonts\Roboto-Bold.ttf">
      <Filter>Resource Files\fonts</Filter>
    </Font>
    <Font Include="fonts\Roboto-BoldCondensedItalic.ttf">
      <Filter>Resource Files\fonts</Filter>
    </Font>
    <Font Include="fonts\Roboto-BoldItalic.ttf">
      <Filter>Resource Files\fonts</Filter>
    </Font>
    <Font Include="fonts\Roboto-CondensedItalic.ttf">
      <Filter>Resource Files\fonts</Filter>
    </Font>
    <Font Include="fonts\Roboto-Condensed.ttf">
      <Filter>Resource Files\fonts</Filter>
    </Font>
    <Font Include="fonts\Roboto-Italic.ttf">
      <Filter>Resource Files\fonts</Filter>
    </Font>
    <Font Include="fonts\Roboto-Light.ttf">
      <Filter>Resource Files\fonts</Filter>
    </Font>
    <Font Include="fonts\Roboto-LightItalic.ttf">
      <Filter>Resource Files\fonts</Filter>
    </Font>
    <Font Include="fonts\Roboto-Medium.ttf">
      <Filter>Resource Files\fonts</Filter>
    </Font>
    <Font Include="fonts\Roboto-MediumItalic.ttf">
      <Filter>Resource Files\fonts</Filter>
    </Font>
    <Font Include="fonts\Roboto-Regular.ttf">
      <Filter>Resource Files\fonts</Filter>
    </Font>
    <Font Include="fonts\Roboto-Thin.ttf">
      <Filter>Resource Files\fonts</Filter>
    </Font>
    <Font Include="fonts\Roboto-ThinItalic.ttf">
      <Filter>Resource Files\fonts</Filter>
    </Font>
  </ItemGroup>
  <ItemGroup>
    <ResourceCompile Include="Projekt.rc">
      <Filter>Resource Files</Filter>
    </ResourceCompile>
  </ItemGroup>
  <ItemGroup>
    <Media Include="sound\jump.wav">
      <Filter>Resource Files\sounds</Filter>
    </Media>
    <Media Include="sound\lava.wav">
      <Filter>Resource Files\sounds</Filter>
    </Media>
    <Media Include="sound\water.wav">
      <Filter>Resource Files\sounds</Filter>
    </Media>
    <Media Include="sound\win.wav">
      <Filter>Resource Files\sounds</Filter>
    </Media>
  </ItemGroup>
</Project>